
Microsoft Visual Studio Solution File, Format Version 12.00
# Visual Studio Version 16
VisualStudioVersion = 16.0.30309.148
MinimumVisualStudioVersion = 10.0.40219.1
Project("{FAE04EC0-301F-11D3-BF4B-00C04F79EFBC}") = "Q2MissingNum", "Q2MissingNum\Q2MissingNum.csproj", "{70661F84-C155-49AC-BE6B-2E37DC41B5A2}"
EndProject
Global
	GlobalSection(SolutionConfigurationPlatforms) = preSolution
		Debug|Any CPU = Debug|Any CPU
		Release|Any CPU = Release|Any CPU
	EndGlobalSection
	GlobalSection(ProjectConfigurationPlatforms) = postSolution
		{70661F84-C155-49AC-BE6B-2E37DC41B5A2}.Debug|Any CPU.ActiveCfg = Debug|Any CPU
		{70661F84-C155-49AC-BE6B-2E37DC41B5A2}.Debug|Any CPU.Build.0 = Debug|Any CPU
		{70661F84-C155-49AC-BE6B-2E37DC41B5A2}.Release|Any CPU.ActiveCfg = Release|Any CPU
		{70661F84-C155-49AC-BE6B-2E37DC41B5A2}.Release|Any CPU.Build.0 = Release|Any CPU
	EndGlobalSection
	GlobalSection(SolutionProperties) = preSolution
		HideSolutionNode = FALSE
	EndGlobalSection
	GlobalSection(ExtensibilityGlobals) = postSolution
		SolutionGuid = {6C5562CE-FAD0-4DE6-81FC-C02E443F467C}
	EndGlobalSection
EndGlobal
