
Microsoft Visual Studio Solution File, Format Version 12.00
# Visual Studio Version 16
VisualStudioVersion = 16.0.30406.217
MinimumVisualStudioVersion = 10.0.40219.1
Project("{FAE04EC0-301F-11D3-BF4B-00C04F79EFBC}") = "Q3GivenSumSubArray", "Q3GivenSumSubArray\Q3GivenSumSubArray.csproj", "{C4DB0310-9F75-45DF-876D-81DC64AA9A66}"
EndProject
Global
	GlobalSection(SolutionConfigurationPlatforms) = preSolution
		Debug|Any CPU = Debug|Any CPU
		Release|Any CPU = Release|Any CPU
	EndGlobalSection
	GlobalSection(ProjectConfigurationPlatforms) = postSolution
		{C4DB0310-9F75-45DF-876D-81DC64AA9A66}.Debug|Any CPU.ActiveCfg = Debug|Any CPU
		{C4DB0310-9F75-45DF-876D-81DC64AA9A66}.Debug|Any CPU.Build.0 = Debug|Any CPU
		{C4DB0310-9F75-45DF-876D-81DC64AA9A66}.Release|Any CPU.ActiveCfg = Release|Any CPU
		{C4DB0310-9F75-45DF-876D-81DC64AA9A66}.Release|Any CPU.Build.0 = Release|Any CPU
	EndGlobalSection
	GlobalSection(SolutionProperties) = preSolution
		HideSolutionNode = FALSE
	EndGlobalSection
	GlobalSection(ExtensibilityGlobals) = postSolution
		SolutionGuid = {4EB65DCC-6A9C-4D0F-83EB-505125088F1B}
	EndGlobalSection
EndGlobal
