
Microsoft Visual Studio Solution File, Format Version 12.00
# Visual Studio Version 16
VisualStudioVersion = 16.0.30413.136
MinimumVisualStudioVersion = 10.0.40219.1
Project("{FAE04EC0-301F-11D3-BF4B-00C04F79EFBC}") = "Q9SpiralPrint2DArray", "Q9SpiralPrint2DArray\Q9SpiralPrint2DArray.csproj", "{AF1E3EF4-DD63-467C-A8BB-BE6CF993C058}"
EndProject
Global
	GlobalSection(SolutionConfigurationPlatforms) = preSolution
		Debug|Any CPU = Debug|Any CPU
		Release|Any CPU = Release|Any CPU
	EndGlobalSection
	GlobalSection(ProjectConfigurationPlatforms) = postSolution
		{AF1E3EF4-DD63-467C-A8BB-BE6CF993C058}.Debug|Any CPU.ActiveCfg = Debug|Any CPU
		{AF1E3EF4-DD63-467C-A8BB-BE6CF993C058}.Debug|Any CPU.Build.0 = Debug|Any CPU
		{AF1E3EF4-DD63-467C-A8BB-BE6CF993C058}.Release|Any CPU.ActiveCfg = Release|Any CPU
		{AF1E3EF4-DD63-467C-A8BB-BE6CF993C058}.Release|Any CPU.Build.0 = Release|Any CPU
	EndGlobalSection
	GlobalSection(SolutionProperties) = preSolution
		HideSolutionNode = FALSE
	EndGlobalSection
	GlobalSection(ExtensibilityGlobals) = postSolution
		SolutionGuid = {1658FFEA-4C1A-4284-9363-38C360C5A262}
	EndGlobalSection
EndGlobal
