
Microsoft Visual Studio Solution File, Format Version 12.00
# Visual Studio Version 16
VisualStudioVersion = 16.0.30406.217
MinimumVisualStudioVersion = 10.0.40219.1
Project("{FAE04EC0-301F-11D3-BF4B-00C04F79EFBC}") = "Q4GivenSumSubArray2", "Q4GivenSumSubArray2\Q4GivenSumSubArray2.csproj", "{FC078A56-E532-46AD-8573-810B02C0A120}"
EndProject
Global
	GlobalSection(SolutionConfigurationPlatforms) = preSolution
		Debug|Any CPU = Debug|Any CPU
		Release|Any CPU = Release|Any CPU
	EndGlobalSection
	GlobalSection(ProjectConfigurationPlatforms) = postSolution
		{FC078A56-E532-46AD-8573-810B02C0A120}.Debug|Any CPU.ActiveCfg = Debug|Any CPU
		{FC078A56-E532-46AD-8573-810B02C0A120}.Debug|Any CPU.Build.0 = Debug|Any CPU
		{FC078A56-E532-46AD-8573-810B02C0A120}.Release|Any CPU.ActiveCfg = Release|Any CPU
		{FC078A56-E532-46AD-8573-810B02C0A120}.Release|Any CPU.Build.0 = Release|Any CPU
	EndGlobalSection
	GlobalSection(SolutionProperties) = preSolution
		HideSolutionNode = FALSE
	EndGlobalSection
	GlobalSection(ExtensibilityGlobals) = postSolution
		SolutionGuid = {0626A9DF-803D-4A15-8544-0D9D3CFF54CE}
	EndGlobalSection
EndGlobal
